
Microsoft Visual Studio Solution File, Format Version 12.00
# Visual Studio Version 16
VisualStudioVersion = 16.0.31501.217
MinimumVisualStudioVersion = 10.0.40219.1
Project("{FAE04EC0-301F-11D3-BF4B-00C04F79EFBC}") = "Appointment_Management_System_Backend2", "Appointment_Management_System_Backend2.csproj", "{F153689D-DFFA-4E01-845B-FA7055DA79ED}"
EndProject
Global
	GlobalSection(SolutionConfigurationPlatforms) = preSolution
		Debug|Any CPU = Debug|Any CPU
		Release|Any CPU = Release|Any CPU
	EndGlobalSection
	GlobalSection(ProjectConfigurationPlatforms) = postSolution
		{F153689D-DFFA-4E01-845B-FA7055DA79ED}.Debug|Any CPU.ActiveCfg = Debug|Any CPU
		{F153689D-DFFA-4E01-845B-FA7055DA79ED}.Debug|Any CPU.Build.0 = Debug|Any CPU
		{F153689D-DFFA-4E01-845B-FA7055DA79ED}.Release|Any CPU.ActiveCfg = Release|Any CPU
		{F153689D-DFFA-4E01-845B-FA7055DA79ED}.Release|Any CPU.Build.0 = Release|Any CPU
	EndGlobalSection
	GlobalSection(SolutionProperties) = preSolution
		HideSolutionNode = FALSE
	EndGlobalSection
	GlobalSection(ExtensibilityGlobals) = postSolution
		SolutionGuid = {A952EE08-F3C8-4D96-ACE7-20FDB7E6BA11}
	EndGlobalSection
EndGlobal
